// !$*UTF8*$!
{
	archiveVersion = 1;
	classes = {
	};
	objectVersion = 46;
	objects = {

/* Begin PBXBuildFile section */
		861A6F5C18E0044E001D9412 /* MBMyAccountsViewController.m in Sources */ = {isa = PBXBuildFile; fileRef = 861A6F5B18E0044E001D9412 /* MBMyAccountsViewController.m */; };
		861A6F5E18E01F09001D9412 /* Social.framework in Frameworks */ = {isa = PBXBuildFile; fileRef = 861A6F5D18E01F09001D9412 /* Social.framework */; };
		861A6F6418E1311B001D9412 /* OARequestParameter.m in Sources */ = {isa = PBXBuildFile; fileRef = 861A6F6318E1311B001D9412 /* OARequestParameter.m */; };
		861A6F6718E1B685001D9412 /* MBSecondViewController.m in Sources */ = {isa = PBXBuildFile; fileRef = 861A6F6618E1B685001D9412 /* MBSecondViewController.m */; };
		861A6F7018E2AD32001D9412 /* MBAccount.m in Sources */ = {isa = PBXBuildFile; fileRef = 861A6F6F18E2AD32001D9412 /* MBAccount.m */; };
		861A6F7718E40C73001D9412 /* MBTwitterAPICenter.m in Sources */ = {isa = PBXBuildFile; fileRef = 861A6F7618E40C73001D9412 /* MBTwitterAPICenter.m */; };
		862B25E618D08A69004FC786 /* OAMutableRequest.m in Sources */ = {isa = PBXBuildFile; fileRef = 862B25E518D08A69004FC786 /* OAMutableRequest.m */; };
		862B25E918D08A7C004FC786 /* OAToken.m in Sources */ = {isa = PBXBuildFile; fileRef = 862B25E818D08A7C004FC786 /* OAToken.m */; };
		862B25EF18D0A03F004FC786 /* OAConsumer.m in Sources */ = {isa = PBXBuildFile; fileRef = 862B25EE18D0A03F004FC786 /* OAConsumer.m */; };
		862B25FB18D1738F004FC786 /* OAHMAC-SHA1SignatureProvider.m in Sources */ = {isa = PBXBuildFile; fileRef = 862B25FA18D1738F004FC786 /* OAHMAC-SHA1SignatureProvider.m */; };
		862B260218D179C4004FC786 /* Base64Transcoder.c in Sources */ = {isa = PBXBuildFile; fileRef = 862B25FF18D179C4004FC786 /* Base64Transcoder.c */; };
		862B260318D179C4004FC786 /* hmac.c in Sources */ = {isa = PBXBuildFile; fileRef = 862B260018D179C4004FC786 /* hmac.c */; };
		862B260418D179C4004FC786 /* sha1.c in Sources */ = {isa = PBXBuildFile; fileRef = 862B260118D179C4004FC786 /* sha1.c */; };
		862B260818D19702004FC786 /* NSString+OAURLEncodingAdditions.m in Sources */ = {isa = PBXBuildFile; fileRef = 862B260718D19702004FC786 /* NSString+OAURLEncodingAdditions.m */; };
		862B260E18D1EF4C004FC786 /* NSURL+SignatureBased.m in Sources */ = {isa = PBXBuildFile; fileRef = 862B260D18D1EF4C004FC786 /* NSURL+SignatureBased.m */; };
		862B261118D31C22004FC786 /* MBTwitterAccesser.m in Sources */ = {isa = PBXBuildFile; fileRef = 862B261018D31C22004FC786 /* MBTwitterAccesser.m */; };
		862B261C18D5C506004FC786 /* OAAuthFetcher.m in Sources */ = {isa = PBXBuildFile; fileRef = 862B261B18D5C506004FC786 /* OAAuthFetcher.m */; };
		862B261F18D6CAF6004FC786 /* MBAuthorizationViewController.m in Sources */ = {isa = PBXBuildFile; fileRef = 862B261E18D6CAF6004FC786 /* MBAuthorizationViewController.m */; };
		8684FE8D18CB43BA00ECDD91 /* Foundation.framework in Frameworks */ = {isa = PBXBuildFile; fileRef = 8684FE8C18CB43BA00ECDD91 /* Foundation.framework */; };
		8684FE8F18CB43BA00ECDD91 /* CoreGraphics.framework in Frameworks */ = {isa = PBXBuildFile; fileRef = 8684FE8E18CB43BA00ECDD91 /* CoreGraphics.framework */; };
		8684FE9118CB43BA00ECDD91 /* UIKit.framework in Frameworks */ = {isa = PBXBuildFile; fileRef = 8684FE9018CB43BA00ECDD91 /* UIKit.framework */; };
		8684FE9718CB43BA00ECDD91 /* InfoPlist.strings in Resources */ = {isa = PBXBuildFile; fileRef = 8684FE9518CB43BA00ECDD91 /* InfoPlist.strings */; };
		8684FE9918CB43BA00ECDD91 /* main.m in Sources */ = {isa = PBXBuildFile; fileRef = 8684FE9818CB43BA00ECDD91 /* main.m */; };
		8684FE9D18CB43BA00ECDD91 /* MBAppDelegate.m in Sources */ = {isa = PBXBuildFile; fileRef = 8684FE9C18CB43BA00ECDD91 /* MBAppDelegate.m */; };
		8684FEA018CB43BA00ECDD91 /* Main_iPhone.storyboard in Resources */ = {isa = PBXBuildFile; fileRef = 8684FE9E18CB43BA00ECDD91 /* Main_iPhone.storyboard */; };
		8684FEA318CB43BA00ECDD91 /* Main_iPad.storyboard in Resources */ = {isa = PBXBuildFile; fileRef = 8684FEA118CB43BA00ECDD91 /* Main_iPad.storyboard */; };
		8684FEA618CB43BA00ECDD91 /* MBViewController.m in Sources */ = {isa = PBXBuildFile; fileRef = 8684FEA518CB43BA00ECDD91 /* MBViewController.m */; };
		8684FEA818CB43BA00ECDD91 /* Images.xcassets in Resources */ = {isa = PBXBuildFile; fileRef = 8684FEA718CB43BA00ECDD91 /* Images.xcassets */; };
		8684FEAF18CB43BA00ECDD91 /* XCTest.framework in Frameworks */ = {isa = PBXBuildFile; fileRef = 8684FEAE18CB43BA00ECDD91 /* XCTest.framework */; };
		8684FEB018CB43BA00ECDD91 /* Foundation.framework in Frameworks */ = {isa = PBXBuildFile; fileRef = 8684FE8C18CB43BA00ECDD91 /* Foundation.framework */; };
		8684FEB118CB43BA00ECDD91 /* UIKit.framework in Frameworks */ = {isa = PBXBuildFile; fileRef = 8684FE9018CB43BA00ECDD91 /* UIKit.framework */; };
		8684FEB918CB43BA00ECDD91 /* InfoPlist.strings in Resources */ = {isa = PBXBuildFile; fileRef = 8684FEB718CB43BA00ECDD91 /* InfoPlist.strings */; };
		8684FEBB18CB43BA00ECDD91 /* MBTwitterTests.m in Sources */ = {isa = PBXBuildFile; fileRef = 8684FEBA18CB43BA00ECDD91 /* MBTwitterTests.m */; };
		8684FEC818CB446F00ECDD91 /* MBAccountManager.m in Sources */ = {isa = PBXBuildFile; fileRef = 8684FEC718CB446F00ECDD91 /* MBAccountManager.m */; };
		8684FECB18CB485600ECDD91 /* Accounts.framework in Frameworks */ = {isa = PBXBuildFile; fileRef = 8684FECA18CB485600ECDD91 /* Accounts.framework */; };
		86B5C58D18E5192A0035CDC3 /* MBTextLayout.m in Sources */ = {isa = PBXBuildFile; fileRef = 86B5C58C18E5192A0035CDC3 /* MBTextLayout.m */; };
		86B5C59018E522410035CDC3 /* MBTweetViewCell.m in Sources */ = {isa = PBXBuildFile; fileRef = 86B5C58F18E522410035CDC3 /* MBTweetViewCell.m */; };
		86B5C59318E5226F0035CDC3 /* MBTweetTextView.m in Sources */ = {isa = PBXBuildFile; fileRef = 86B5C59218E5226F0035CDC3 /* MBTweetTextView.m */; };
		86B5C59918E6B9DD0035CDC3 /* MBTwitterAPIHTTPConnecter.m in Sources */ = {isa = PBXBuildFile; fileRef = 86B5C59818E6B9DD0035CDC3 /* MBTwitterAPIHTTPConnecter.m */; };
		86B5C59C18E7D6F00035CDC3 /* NSString+UUID.m in Sources */ = {isa = PBXBuildFile; fileRef = 86B5C59B18E7D6F00035CDC3 /* NSString+UUID.m */; };
		86B5C59F18E7FA0D0035CDC3 /* MBTweet.m in Sources */ = {isa = PBXBuildFile; fileRef = 86B5C59E18E7FA0D0035CDC3 /* MBTweet.m */; };
		86B5C5A218E7FA380035CDC3 /* MBUser.m in Sources */ = {isa = PBXBuildFile; fileRef = 86B5C5A118E7FA380035CDC3 /* MBUser.m */; };
		86B5C5A518E7FA510035CDC3 /* MBTweetManager.m in Sources */ = {isa = PBXBuildFile; fileRef = 86B5C5A418E7FA510035CDC3 /* MBTweetManager.m */; };
		86B5C5A818E7FA5E0035CDC3 /* MBUserManager.m in Sources */ = {isa = PBXBuildFile; fileRef = 86B5C5A718E7FA5E0035CDC3 /* MBUserManager.m */; };
		86B5C5AE18E836200035CDC3 /* MBAOuth_TwitterAPICenter.m in Sources */ = {isa = PBXBuildFile; fileRef = 86B5C5AD18E836200035CDC3 /* MBAOuth_TwitterAPICenter.m */; };
/* End PBXBuildFile section */

/* Begin PBXContainerItemProxy section */
		8684FEB218CB43BA00ECDD91 /* PBXContainerItemProxy */ = {
			isa = PBXContainerItemProxy;
			containerPortal = 8684FE8118CB43BA00ECDD91 /* Project object */;
			proxyType = 1;
			remoteGlobalIDString = 8684FE8818CB43BA00ECDD91;
			remoteInfo = MBTwitter;
		};
/* End PBXContainerItemProxy section */

/* Begin PBXFileReference section */
		861A6F5A18E0044E001D9412 /* MBMyAccountsViewController.h */ = {isa = PBXFileReference; fileEncoding = 4; lastKnownFileType = sourcecode.c.h; path = MBMyAccountsViewController.h; sourceTree = "<group>"; };
		861A6F5B18E0044E001D9412 /* MBMyAccountsViewController.m */ = {isa = PBXFileReference; fileEncoding = 4; lastKnownFileType = sourcecode.c.objc; path = MBMyAccountsViewController.m; sourceTree = "<group>"; };
		861A6F5D18E01F09001D9412 /* Social.framework */ = {isa = PBXFileReference; lastKnownFileType = wrapper.framework; name = Social.framework; path = System/Library/Frameworks/Social.framework; sourceTree = SDKROOT; };
		861A6F6218E1311B001D9412 /* OARequestParameter.h */ = {isa = PBXFileReference; fileEncoding = 4; lastKnownFileType = sourcecode.c.h; path = OARequestParameter.h; sourceTree = "<group>"; };
		861A6F6318E1311B001D9412 /* OARequestParameter.m */ = {isa = PBXFileReference; fileEncoding = 4; lastKnownFileType = sourcecode.c.objc; path = OARequestParameter.m; sourceTree = "<group>"; };
		861A6F6518E1B685001D9412 /* MBSecondViewController.h */ = {isa = PBXFileReference; fileEncoding = 4; lastKnownFileType = sourcecode.c.h; path = MBSecondViewController.h; sourceTree = "<group>"; };
		861A6F6618E1B685001D9412 /* MBSecondViewController.m */ = {isa = PBXFileReference; fileEncoding = 4; lastKnownFileType = sourcecode.c.objc; path = MBSecondViewController.m; sourceTree = "<group>"; };
		861A6F6E18E2AD32001D9412 /* MBAccount.h */ = {isa = PBXFileReference; fileEncoding = 4; lastKnownFileType = sourcecode.c.h; path = MBAccount.h; sourceTree = "<group>"; };
		861A6F6F18E2AD32001D9412 /* MBAccount.m */ = {isa = PBXFileReference; fileEncoding = 4; lastKnownFileType = sourcecode.c.objc; path = MBAccount.m; sourceTree = "<group>"; };
		861A6F7118E3F6E9001D9412 /* MBTwitterConsumer.h */ = {isa = PBXFileReference; fileEncoding = 4; lastKnownFileType = sourcecode.c.h; path = MBTwitterConsumer.h; sourceTree = "<group>"; };
		861A6F7518E40C73001D9412 /* MBTwitterAPICenter.h */ = {isa = PBXFileReference; fileEncoding = 4; lastKnownFileType = sourcecode.c.h; path = MBTwitterAPICenter.h; sourceTree = "<group>"; };
		861A6F7618E40C73001D9412 /* MBTwitterAPICenter.m */ = {isa = PBXFileReference; fileEncoding = 4; lastKnownFileType = sourcecode.c.objc; path = MBTwitterAPICenter.m; sourceTree = "<group>"; };
		862B25E418D08A69004FC786 /* OAMutableRequest.h */ = {isa = PBXFileReference; fileEncoding = 4; lastKnownFileType = sourcecode.c.h; path = OAMutableRequest.h; sourceTree = "<group>"; };
		862B25E518D08A69004FC786 /* OAMutableRequest.m */ = {isa = PBXFileReference; fileEncoding = 4; lastKnownFileType = sourcecode.c.objc; path = OAMutableRequest.m; sourceTree = "<group>"; };
		862B25E718D08A7C004FC786 /* OAToken.h */ = {isa = PBXFileReference; fileEncoding = 4; lastKnownFileType = sourcecode.c.h; path = OAToken.h; sourceTree = "<group>"; };
		862B25E818D08A7C004FC786 /* OAToken.m */ = {isa = PBXFileReference; fileEncoding = 4; lastKnownFileType = sourcecode.c.objc; path = OAToken.m; sourceTree = "<group>"; };
		862B25ED18D0A03F004FC786 /* OAConsumer.h */ = {isa = PBXFileReference; fileEncoding = 4; lastKnownFileType = sourcecode.c.h; path = OAConsumer.h; sourceTree = "<group>"; };
		862B25EE18D0A03F004FC786 /* OAConsumer.m */ = {isa = PBXFileReference; fileEncoding = 4; lastKnownFileType = sourcecode.c.objc; path = OAConsumer.m; sourceTree = "<group>"; };
		862B25F818D17373004FC786 /* OASignatureProvider.h */ = {isa = PBXFileReference; lastKnownFileType = sourcecode.c.h; path = OASignatureProvider.h; sourceTree = "<group>"; };
		862B25F918D1738F004FC786 /* OAHMAC-SHA1SignatureProvider.h */ = {isa = PBXFileReference; fileEncoding = 4; lastKnownFileType = sourcecode.c.h; path = "OAHMAC-SHA1SignatureProvider.h"; sourceTree = "<group>"; };
		862B25FA18D1738F004FC786 /* OAHMAC-SHA1SignatureProvider.m */ = {isa = PBXFileReference; fileEncoding = 4; lastKnownFileType = sourcecode.c.objc; path = "OAHMAC-SHA1SignatureProvider.m"; sourceTree = "<group>"; };
		862B25FC18D179C4004FC786 /* Base64Transcoder.h */ = {isa = PBXFileReference; fileEncoding = 4; lastKnownFileType = sourcecode.c.h; name = Base64Transcoder.h; path = Crypto/Base64Transcoder.h; sourceTree = "<group>"; };
		862B25FD18D179C4004FC786 /* hmac.h */ = {isa = PBXFileReference; fileEncoding = 4; lastKnownFileType = sourcecode.c.h; name = hmac.h; path = Crypto/hmac.h; sourceTree = "<group>"; };
		862B25FE18D179C4004FC786 /* sha1.h */ = {isa = PBXFileReference; fileEncoding = 4; lastKnownFileType = sourcecode.c.h; name = sha1.h; path = Crypto/sha1.h; sourceTree = "<group>"; };
		862B25FF18D179C4004FC786 /* Base64Transcoder.c */ = {isa = PBXFileReference; fileEncoding = 4; lastKnownFileType = sourcecode.c.c; name = Base64Transcoder.c; path = Crypto/Base64Transcoder.c; sourceTree = "<group>"; };
		862B260018D179C4004FC786 /* hmac.c */ = {isa = PBXFileReference; fileEncoding = 4; lastKnownFileType = sourcecode.c.c; name = hmac.c; path = Crypto/hmac.c; sourceTree = "<group>"; };
		862B260118D179C4004FC786 /* sha1.c */ = {isa = PBXFileReference; fileEncoding = 4; lastKnownFileType = sourcecode.c.c; name = sha1.c; path = Crypto/sha1.c; sourceTree = "<group>"; };
		862B260618D19702004FC786 /* NSString+OAURLEncodingAdditions.h */ = {isa = PBXFileReference; fileEncoding = 4; lastKnownFileType = sourcecode.c.h; path = "NSString+OAURLEncodingAdditions.h"; sourceTree = "<group>"; };
		862B260718D19702004FC786 /* NSString+OAURLEncodingAdditions.m */ = {isa = PBXFileReference; fileEncoding = 4; lastKnownFileType = sourcecode.c.objc; path = "NSString+OAURLEncodingAdditions.m"; sourceTree = "<group>"; };
		862B260C18D1EF4C004FC786 /* NSURL+SignatureBased.h */ = {isa = PBXFileReference; fileEncoding = 4; lastKnownFileType = sourcecode.c.h; path = "NSURL+SignatureBased.h"; sourceTree = "<group>"; };
		862B260D18D1EF4C004FC786 /* NSURL+SignatureBased.m */ = {isa = PBXFileReference; fileEncoding = 4; lastKnownFileType = sourcecode.c.objc; path = "NSURL+SignatureBased.m"; sourceTree = "<group>"; };
		862B260F18D31C22004FC786 /* MBTwitterAccesser.h */ = {isa = PBXFileReference; fileEncoding = 4; lastKnownFileType = sourcecode.c.h; path = MBTwitterAccesser.h; sourceTree = "<group>"; };
		862B261018D31C22004FC786 /* MBTwitterAccesser.m */ = {isa = PBXFileReference; fileEncoding = 4; lastKnownFileType = sourcecode.c.objc; path = MBTwitterAccesser.m; sourceTree = "<group>"; };
		862B261918D3FE26004FC786 /* OAAccessibility.h */ = {isa = PBXFileReference; fileEncoding = 4; lastKnownFileType = sourcecode.c.h; path = OAAccessibility.h; sourceTree = "<group>"; };
		862B261A18D5C506004FC786 /* OAAuthFetcher.h */ = {isa = PBXFileReference; fileEncoding = 4; lastKnownFileType = sourcecode.c.h; path = OAAuthFetcher.h; sourceTree = "<group>"; };
		862B261B18D5C506004FC786 /* OAAuthFetcher.m */ = {isa = PBXFileReference; fileEncoding = 4; lastKnownFileType = sourcecode.c.objc; path = OAAuthFetcher.m; sourceTree = "<group>"; };
		862B261D18D6CAF6004FC786 /* MBAuthorizationViewController.h */ = {isa = PBXFileReference; fileEncoding = 4; lastKnownFileType = sourcecode.c.h; path = MBAuthorizationViewController.h; sourceTree = "<group>"; };
		862B261E18D6CAF6004FC786 /* MBAuthorizationViewController.m */ = {isa = PBXFileReference; fileEncoding = 4; lastKnownFileType = sourcecode.c.objc; path = MBAuthorizationViewController.m; sourceTree = "<group>"; };
		8684FE8918CB43BA00ECDD91 /* MBTwitter.app */ = {isa = PBXFileReference; explicitFileType = wrapper.application; includeInIndex = 0; path = MBTwitter.app; sourceTree = BUILT_PRODUCTS_DIR; };
		8684FE8C18CB43BA00ECDD91 /* Foundation.framework */ = {isa = PBXFileReference; lastKnownFileType = wrapper.framework; name = Foundation.framework; path = System/Library/Frameworks/Foundation.framework; sourceTree = SDKROOT; };
		8684FE8E18CB43BA00ECDD91 /* CoreGraphics.framework */ = {isa = PBXFileReference; lastKnownFileType = wrapper.framework; name = CoreGraphics.framework; path = System/Library/Frameworks/CoreGraphics.framework; sourceTree = SDKROOT; };
		8684FE9018CB43BA00ECDD91 /* UIKit.framework */ = {isa = PBXFileReference; lastKnownFileType = wrapper.framework; name = UIKit.framework; path = System/Library/Frameworks/UIKit.framework; sourceTree = SDKROOT; };
		8684FE9418CB43BA00ECDD91 /* MBTwitter-Info.plist */ = {isa = PBXFileReference; lastKnownFileType = text.plist.xml; path = "MBTwitter-Info.plist"; sourceTree = "<group>"; };
		8684FE9618CB43BA00ECDD91 /* en */ = {isa = PBXFileReference; lastKnownFileType = text.plist.strings; name = en; path = en.lproj/InfoPlist.strings; sourceTree = "<group>"; };
		8684FE9818CB43BA00ECDD91 /* main.m */ = {isa = PBXFileReference; lastKnownFileType = sourcecode.c.objc; path = main.m; sourceTree = "<group>"; };
		8684FE9A18CB43BA00ECDD91 /* MBTwitter-Prefix.pch */ = {isa = PBXFileReference; lastKnownFileType = sourcecode.c.h; path = "MBTwitter-Prefix.pch"; sourceTree = "<group>"; };
		8684FE9B18CB43BA00ECDD91 /* MBAppDelegate.h */ = {isa = PBXFileReference; lastKnownFileType = sourcecode.c.h; path = MBAppDelegate.h; sourceTree = "<group>"; };
		8684FE9C18CB43BA00ECDD91 /* MBAppDelegate.m */ = {isa = PBXFileReference; lastKnownFileType = sourcecode.c.objc; path = MBAppDelegate.m; sourceTree = "<group>"; };
		8684FE9F18CB43BA00ECDD91 /* Base */ = {isa = PBXFileReference; lastKnownFileType = file.storyboard; name = Base; path = Base.lproj/Main_iPhone.storyboard; sourceTree = "<group>"; };
		8684FEA218CB43BA00ECDD91 /* Base */ = {isa = PBXFileReference; lastKnownFileType = file.storyboard; name = Base; path = Base.lproj/Main_iPad.storyboard; sourceTree = "<group>"; };
		8684FEA418CB43BA00ECDD91 /* MBViewController.h */ = {isa = PBXFileReference; lastKnownFileType = sourcecode.c.h; path = MBViewController.h; sourceTree = "<group>"; };
		8684FEA518CB43BA00ECDD91 /* MBViewController.m */ = {isa = PBXFileReference; lastKnownFileType = sourcecode.c.objc; path = MBViewController.m; sourceTree = "<group>"; };
		8684FEA718CB43BA00ECDD91 /* Images.xcassets */ = {isa = PBXFileReference; lastKnownFileType = folder.assetcatalog; path = Images.xcassets; sourceTree = "<group>"; };
		8684FEAD18CB43BA00ECDD91 /* MBTwitterTests.xctest */ = {isa = PBXFileReference; explicitFileType = wrapper.cfbundle; includeInIndex = 0; path = MBTwitterTests.xctest; sourceTree = BUILT_PRODUCTS_DIR; };
		8684FEAE18CB43BA00ECDD91 /* XCTest.framework */ = {isa = PBXFileReference; lastKnownFileType = wrapper.framework; name = XCTest.framework; path = Library/Frameworks/XCTest.framework; sourceTree = DEVELOPER_DIR; };
		8684FEB618CB43BA00ECDD91 /* MBTwitterTests-Info.plist */ = {isa = PBXFileReference; lastKnownFileType = text.plist.xml; path = "MBTwitterTests-Info.plist"; sourceTree = "<group>"; };
		8684FEB818CB43BA00ECDD91 /* en */ = {isa = PBXFileReference; lastKnownFileType = text.plist.strings; name = en; path = en.lproj/InfoPlist.strings; sourceTree = "<group>"; };
		8684FEBA18CB43BA00ECDD91 /* MBTwitterTests.m */ = {isa = PBXFileReference; lastKnownFileType = sourcecode.c.objc; path = MBTwitterTests.m; sourceTree = "<group>"; };
		8684FEC618CB446F00ECDD91 /* MBAccountManager.h */ = {isa = PBXFileReference; fileEncoding = 4; lastKnownFileType = sourcecode.c.h; path = MBAccountManager.h; sourceTree = "<group>"; };
		8684FEC718CB446F00ECDD91 /* MBAccountManager.m */ = {isa = PBXFileReference; fileEncoding = 4; lastKnownFileType = sourcecode.c.objc; path = MBAccountManager.m; sourceTree = "<group>"; };
		8684FECA18CB485600ECDD91 /* Accounts.framework */ = {isa = PBXFileReference; lastKnownFileType = wrapper.framework; name = Accounts.framework; path = System/Library/Frameworks/Accounts.framework; sourceTree = SDKROOT; };
		86B5C58B18E5192A0035CDC3 /* MBTextLayout.h */ = {isa = PBXFileReference; fileEncoding = 4; lastKnownFileType = sourcecode.c.h; path = MBTextLayout.h; sourceTree = "<group>"; };
		86B5C58C18E5192A0035CDC3 /* MBTextLayout.m */ = {isa = PBXFileReference; fileEncoding = 4; lastKnownFileType = sourcecode.c.objc; path = MBTextLayout.m; sourceTree = "<group>"; };
		86B5C58E18E522410035CDC3 /* MBTweetViewCell.h */ = {isa = PBXFileReference; fileEncoding = 4; lastKnownFileType = sourcecode.c.h; path = MBTweetViewCell.h; sourceTree = "<group>"; };
		86B5C58F18E522410035CDC3 /* MBTweetViewCell.m */ = {isa = PBXFileReference; fileEncoding = 4; lastKnownFileType = sourcecode.c.objc; path = MBTweetViewCell.m; sourceTree = "<group>"; };
		86B5C59118E5226F0035CDC3 /* MBTweetTextView.h */ = {isa = PBXFileReference; fileEncoding = 4; lastKnownFileType = sourcecode.c.h; path = MBTweetTextView.h; sourceTree = "<group>"; };
		86B5C59218E5226F0035CDC3 /* MBTweetTextView.m */ = {isa = PBXFileReference; fileEncoding = 4; lastKnownFileType = sourcecode.c.objc; path = MBTweetTextView.m; sourceTree = "<group>"; };
		86B5C59618E5BED50035CDC3 /* MBTwitterAPIRequestType.h */ = {isa = PBXFileReference; fileEncoding = 4; lastKnownFileType = sourcecode.c.h; path = MBTwitterAPIRequestType.h; sourceTree = "<group>"; };
		86B5C59718E6B9DD0035CDC3 /* MBTwitterAPIHTTPConnecter.h */ = {isa = PBXFileReference; fileEncoding = 4; lastKnownFileType = sourcecode.c.h; path = MBTwitterAPIHTTPConnecter.h; sourceTree = "<group>"; };
		86B5C59818E6B9DD0035CDC3 /* MBTwitterAPIHTTPConnecter.m */ = {isa = PBXFileReference; fileEncoding = 4; lastKnownFileType = sourcecode.c.objc; path = MBTwitterAPIHTTPConnecter.m; sourceTree = "<group>"; };
		86B5C59A18E7D6F00035CDC3 /* NSString+UUID.h */ = {isa = PBXFileReference; fileEncoding = 4; lastKnownFileType = sourcecode.c.h; path = "NSString+UUID.h"; sourceTree = "<group>"; };
		86B5C59B18E7D6F00035CDC3 /* NSString+UUID.m */ = {isa = PBXFileReference; fileEncoding = 4; lastKnownFileType = sourcecode.c.objc; path = "NSString+UUID.m"; sourceTree = "<group>"; };
		86B5C59D18E7FA0D0035CDC3 /* MBTweet.h */ = {isa = PBXFileReference; fileEncoding = 4; lastKnownFileType = sourcecode.c.h; path = MBTweet.h; sourceTree = "<group>"; };
		86B5C59E18E7FA0D0035CDC3 /* MBTweet.m */ = {isa = PBXFileReference; fileEncoding = 4; lastKnownFileType = sourcecode.c.objc; path = MBTweet.m; sourceTree = "<group>"; };
		86B5C5A018E7FA380035CDC3 /* MBUser.h */ = {isa = PBXFileReference; fileEncoding = 4; lastKnownFileType = sourcecode.c.h; path = MBUser.h; sourceTree = "<group>"; };
		86B5C5A118E7FA380035CDC3 /* MBUser.m */ = {isa = PBXFileReference; fileEncoding = 4; lastKnownFileType = sourcecode.c.objc; path = MBUser.m; sourceTree = "<group>"; };
		86B5C5A318E7FA510035CDC3 /* MBTweetManager.h */ = {isa = PBXFileReference; fileEncoding = 4; lastKnownFileType = sourcecode.c.h; path = MBTweetManager.h; sourceTree = "<group>"; };
		86B5C5A418E7FA510035CDC3 /* MBTweetManager.m */ = {isa = PBXFileReference; fileEncoding = 4; lastKnownFileType = sourcecode.c.objc; path = MBTweetManager.m; sourceTree = "<group>"; };
		86B5C5A618E7FA5E0035CDC3 /* MBUserManager.h */ = {isa = PBXFileReference; fileEncoding = 4; lastKnownFileType = sourcecode.c.h; path = MBUserManager.h; sourceTree = "<group>"; };
		86B5C5A718E7FA5E0035CDC3 /* MBUserManager.m */ = {isa = PBXFileReference; fileEncoding = 4; lastKnownFileType = sourcecode.c.objc; path = MBUserManager.m; sourceTree = "<group>"; };
		86B5C5AC18E836200035CDC3 /* MBAOuth_TwitterAPICenter.h */ = {isa = PBXFileReference; fileEncoding = 4; lastKnownFileType = sourcecode.c.h; path = MBAOuth_TwitterAPICenter.h; sourceTree = "<group>"; };
		86B5C5AD18E836200035CDC3 /* MBAOuth_TwitterAPICenter.m */ = {isa = PBXFileReference; fileEncoding = 4; lastKnownFileType = sourcecode.c.objc; path = MBAOuth_TwitterAPICenter.m; sourceTree = "<group>"; };
/* End PBXFileReference section */

/* Begin PBXFrameworksBuildPhase section */
		8684FE8618CB43BA00ECDD91 /* Frameworks */ = {
			isa = PBXFrameworksBuildPhase;
			buildActionMask = 2147483647;
			files = (
				861A6F5E18E01F09001D9412 /* Social.framework in Frameworks */,
				8684FECB18CB485600ECDD91 /* Accounts.framework in Frameworks */,
				8684FE8F18CB43BA00ECDD91 /* CoreGraphics.framework in Frameworks */,
				8684FE9118CB43BA00ECDD91 /* UIKit.framework in Frameworks */,
				8684FE8D18CB43BA00ECDD91 /* Foundation.framework in Frameworks */,
			);
			runOnlyForDeploymentPostprocessing = 0;
		};
		8684FEAA18CB43BA00ECDD91 /* Frameworks */ = {
			isa = PBXFrameworksBuildPhase;
			buildActionMask = 2147483647;
			files = (
				8684FEAF18CB43BA00ECDD91 /* XCTest.framework in Frameworks */,
				8684FEB118CB43BA00ECDD91 /* UIKit.framework in Frameworks */,
				8684FEB018CB43BA00ECDD91 /* Foundation.framework in Frameworks */,
			);
			runOnlyForDeploymentPostprocessing = 0;
		};
/* End PBXFrameworksBuildPhase section */

/* Begin PBXGroup section */
		861A6F7B18E40F0C001D9412 /* View */ = {
			isa = PBXGroup;
			children = (
				86B5C58E18E522410035CDC3 /* MBTweetViewCell.h */,
				86B5C58F18E522410035CDC3 /* MBTweetViewCell.m */,
				86B5C59118E5226F0035CDC3 /* MBTweetTextView.h */,
				86B5C59218E5226F0035CDC3 /* MBTweetTextView.m */,
				86B5C58B18E5192A0035CDC3 /* MBTextLayout.h */,
				86B5C58C18E5192A0035CDC3 /* MBTextLayout.m */,
			);
			name = View;
			sourceTree = "<group>";
		};
		862B25DC18D074C2004FC786 /* Model */ = {
			isa = PBXGroup;
			children = (
				861A6F7118E3F6E9001D9412 /* MBTwitterConsumer.h */,
				862B260F18D31C22004FC786 /* MBTwitterAccesser.h */,
				862B261018D31C22004FC786 /* MBTwitterAccesser.m */,
				86B5C5AC18E836200035CDC3 /* MBAOuth_TwitterAPICenter.h */,
				86B5C5AD18E836200035CDC3 /* MBAOuth_TwitterAPICenter.m */,
				861A6F7518E40C73001D9412 /* MBTwitterAPICenter.h */,
				861A6F7618E40C73001D9412 /* MBTwitterAPICenter.m */,
				86B5C59718E6B9DD0035CDC3 /* MBTwitterAPIHTTPConnecter.h */,
				86B5C59818E6B9DD0035CDC3 /* MBTwitterAPIHTTPConnecter.m */,
				86B5C59618E5BED50035CDC3 /* MBTwitterAPIRequestType.h */,
				86B5C59A18E7D6F00035CDC3 /* NSString+UUID.h */,
				86B5C59B18E7D6F00035CDC3 /* NSString+UUID.m */,
				86B5C59D18E7FA0D0035CDC3 /* MBTweet.h */,
				86B5C59E18E7FA0D0035CDC3 /* MBTweet.m */,
				86B5C5A018E7FA380035CDC3 /* MBUser.h */,
				86B5C5A118E7FA380035CDC3 /* MBUser.m */,
				862B25DD18D074CB004FC786 /* OAuth */,
				861A6F6E18E2AD32001D9412 /* MBAccount.h */,
				861A6F6F18E2AD32001D9412 /* MBAccount.m */,
			);
			name = Model;
			sourceTree = "<group>";
		};
		862B25DD18D074CB004FC786 /* OAuth */ = {
			isa = PBXGroup;
			children = (
				862B261918D3FE26004FC786 /* OAAccessibility.h */,
				862B25E418D08A69004FC786 /* OAMutableRequest.h */,
				862B25E518D08A69004FC786 /* OAMutableRequest.m */,
				862B25E718D08A7C004FC786 /* OAToken.h */,
				862B25E818D08A7C004FC786 /* OAToken.m */,
				862B25ED18D0A03F004FC786 /* OAConsumer.h */,
				862B25EE18D0A03F004FC786 /* OAConsumer.m */,
				861A6F6218E1311B001D9412 /* OARequestParameter.h */,
				861A6F6318E1311B001D9412 /* OARequestParameter.m */,
				862B25F818D17373004FC786 /* OASignatureProvider.h */,
				862B25F918D1738F004FC786 /* OAHMAC-SHA1SignatureProvider.h */,
				862B25FA18D1738F004FC786 /* OAHMAC-SHA1SignatureProvider.m */,
				862B261A18D5C506004FC786 /* OAAuthFetcher.h */,
				862B261B18D5C506004FC786 /* OAAuthFetcher.m */,
				862B260618D19702004FC786 /* NSString+OAURLEncodingAdditions.h */,
				862B260718D19702004FC786 /* NSString+OAURLEncodingAdditions.m */,
				862B260C18D1EF4C004FC786 /* NSURL+SignatureBased.h */,
				862B260D18D1EF4C004FC786 /* NSURL+SignatureBased.m */,
				862B260518D179D5004FC786 /* Cyptro */,
			);
			name = OAuth;
			sourceTree = "<group>";
		};
		862B260518D179D5004FC786 /* Cyptro */ = {
			isa = PBXGroup;
			children = (
				862B25FC18D179C4004FC786 /* Base64Transcoder.h */,
				862B25FF18D179C4004FC786 /* Base64Transcoder.c */,
				862B25FD18D179C4004FC786 /* hmac.h */,
				862B260018D179C4004FC786 /* hmac.c */,
				862B25FE18D179C4004FC786 /* sha1.h */,
				862B260118D179C4004FC786 /* sha1.c */,
			);
			name = Cyptro;
			sourceTree = "<group>";
		};
		8684FE8018CB43BA00ECDD91 = {
			isa = PBXGroup;
			children = (
				8684FE9218CB43BA00ECDD91 /* MBTwitter */,
				8684FEB418CB43BA00ECDD91 /* MBTwitterTests */,
				8684FE8B18CB43BA00ECDD91 /* Frameworks */,
				8684FE8A18CB43BA00ECDD91 /* Products */,
			);
			sourceTree = "<group>";
		};
		8684FE8A18CB43BA00ECDD91 /* Products */ = {
			isa = PBXGroup;
			children = (
				8684FE8918CB43BA00ECDD91 /* MBTwitter.app */,
				8684FEAD18CB43BA00ECDD91 /* MBTwitterTests.xctest */,
			);
			name = Products;
			sourceTree = "<group>";
		};
		8684FE8B18CB43BA00ECDD91 /* Frameworks */ = {
			isa = PBXGroup;
			children = (
				861A6F5D18E01F09001D9412 /* Social.framework */,
				8684FECA18CB485600ECDD91 /* Accounts.framework */,
				8684FE8C18CB43BA00ECDD91 /* Foundation.framework */,
				8684FE8E18CB43BA00ECDD91 /* CoreGraphics.framework */,
				8684FE9018CB43BA00ECDD91 /* UIKit.framework */,
				8684FEAE18CB43BA00ECDD91 /* XCTest.framework */,
			);
			name = Frameworks;
			sourceTree = "<group>";
		};
		8684FE9218CB43BA00ECDD91 /* MBTwitter */ = {
			isa = PBXGroup;
			children = (
				8684FEC418CB43D700ECDD91 /* Application */,
				8684FEC518CB43E700ECDD91 /* Controller */,
				861A6F7B18E40F0C001D9412 /* View */,
				8684FEC918CB448500ECDD91 /* Logic */,
				862B25DC18D074C2004FC786 /* Model */,
				8684FEA718CB43BA00ECDD91 /* Images.xcassets */,
				8684FE9318CB43BA00ECDD91 /* Supporting Files */,
			);
			path = MBTwitter;
			sourceTree = "<group>";
		};
		8684FE9318CB43BA00ECDD91 /* Supporting Files */ = {
			isa = PBXGroup;
			children = (
				8684FE9418CB43BA00ECDD91 /* MBTwitter-Info.plist */,
				8684FE9518CB43BA00ECDD91 /* InfoPlist.strings */,
				8684FE9818CB43BA00ECDD91 /* main.m */,
				8684FE9A18CB43BA00ECDD91 /* MBTwitter-Prefix.pch */,
			);
			name = "Supporting Files";
			sourceTree = "<group>";
		};
		8684FEB418CB43BA00ECDD91 /* MBTwitterTests */ = {
			isa = PBXGroup;
			children = (
				8684FEBA18CB43BA00ECDD91 /* MBTwitterTests.m */,
				8684FEB518CB43BA00ECDD91 /* Supporting Files */,
			);
			path = MBTwitterTests;
			sourceTree = "<group>";
		};
		8684FEB518CB43BA00ECDD91 /* Supporting Files */ = {
			isa = PBXGroup;
			children = (
				8684FEB618CB43BA00ECDD91 /* MBTwitterTests-Info.plist */,
				8684FEB718CB43BA00ECDD91 /* InfoPlist.strings */,
			);
			name = "Supporting Files";
			sourceTree = "<group>";
		};
		8684FEC418CB43D700ECDD91 /* Application */ = {
			isa = PBXGroup;
			children = (
				8684FE9B18CB43BA00ECDD91 /* MBAppDelegate.h */,
				8684FE9C18CB43BA00ECDD91 /* MBAppDelegate.m */,
				8684FE9E18CB43BA00ECDD91 /* Main_iPhone.storyboard */,
				8684FEA118CB43BA00ECDD91 /* Main_iPad.storyboard */,
			);
			name = Application;
			sourceTree = "<group>";
		};
		8684FEC518CB43E700ECDD91 /* Controller */ = {
			isa = PBXGroup;
			children = (
				8684FEA418CB43BA00ECDD91 /* MBViewController.h */,
				8684FEA518CB43BA00ECDD91 /* MBViewController.m */,
				861A6F6518E1B685001D9412 /* MBSecondViewController.h */,
				861A6F6618E1B685001D9412 /* MBSecondViewController.m */,
				861A6F5A18E0044E001D9412 /* MBMyAccountsViewController.h */,
				861A6F5B18E0044E001D9412 /* MBMyAccountsViewController.m */,
				862B261D18D6CAF6004FC786 /* MBAuthorizationViewController.h */,
				862B261E18D6CAF6004FC786 /* MBAuthorizationViewController.m */,
			);
			name = Controller;
			sourceTree = "<group>";
		};
		8684FEC918CB448500ECDD91 /* Logic */ = {
			isa = PBXGroup;
			children = (
				8684FEC618CB446F00ECDD91 /* MBAccountManager.h */,
				8684FEC718CB446F00ECDD91 /* MBAccountManager.m */,
				86B5C5A318E7FA510035CDC3 /* MBTweetManager.h */,
				86B5C5A418E7FA510035CDC3 /* MBTweetManager.m */,
				86B5C5A618E7FA5E0035CDC3 /* MBUserManager.h */,
				86B5C5A718E7FA5E0035CDC3 /* MBUserManager.m */,
			);
			name = Logic;
			sourceTree = "<group>";
		};
/* End PBXGroup section */

/* Begin PBXNativeTarget section */
		8684FE8818CB43BA00ECDD91 /* MBTwitter */ = {
			isa = PBXNativeTarget;
			buildConfigurationList = 8684FEBE18CB43BA00ECDD91 /* Build configuration list for PBXNativeTarget "MBTwitter" */;
			buildPhases = (
				8684FE8518CB43BA00ECDD91 /* Sources */,
				8684FE8618CB43BA00ECDD91 /* Frameworks */,
				8684FE8718CB43BA00ECDD91 /* Resources */,
			);
			buildRules = (
			);
			dependencies = (
			);
			name = MBTwitter;
			productName = MBTwitter;
			productReference = 8684FE8918CB43BA00ECDD91 /* MBTwitter.app */;
			productType = "com.apple.product-type.application";
		};
		8684FEAC18CB43BA00ECDD91 /* MBTwitterTests */ = {
			isa = PBXNativeTarget;
			buildConfigurationList = 8684FEC118CB43BA00ECDD91 /* Build configuration list for PBXNativeTarget "MBTwitterTests" */;
			buildPhases = (
				8684FEA918CB43BA00ECDD91 /* Sources */,
				8684FEAA18CB43BA00ECDD91 /* Frameworks */,
				8684FEAB18CB43BA00ECDD91 /* Resources */,
			);
			buildRules = (
			);
			dependencies = (
				8684FEB318CB43BA00ECDD91 /* PBXTargetDependency */,
			);
			name = MBTwitterTests;
			productName = MBTwitterTests;
			productReference = 8684FEAD18CB43BA00ECDD91 /* MBTwitterTests.xctest */;
			productType = "com.apple.product-type.bundle.unit-test";
		};
/* End PBXNativeTarget section */

/* Begin PBXProject section */
		8684FE8118CB43BA00ECDD91 /* Project object */ = {
			isa = PBXProject;
			attributes = {
				CLASSPREFIX = MB;
				LastUpgradeCheck = 0510;
				ORGANIZATIONNAME = "Masayuki Ikeda";
				TargetAttributes = {
					8684FE8818CB43BA00ECDD91 = {
						DevelopmentTeam = MNJTVZMMVS;
					};
					8684FEAC18CB43BA00ECDD91 = {
						TestTargetID = 8684FE8818CB43BA00ECDD91;
					};
				};
			};
			buildConfigurationList = 8684FE8418CB43BA00ECDD91 /* Build configuration list for PBXProject "MBTwitter" */;
			compatibilityVersion = "Xcode 3.2";
			developmentRegion = English;
			hasScannedForEncodings = 0;
			knownRegions = (
				en,
				Base,
			);
			mainGroup = 8684FE8018CB43BA00ECDD91;
			productRefGroup = 8684FE8A18CB43BA00ECDD91 /* Products */;
			projectDirPath = "";
			projectRoot = "";
			targets = (
				8684FE8818CB43BA00ECDD91 /* MBTwitter */,
				8684FEAC18CB43BA00ECDD91 /* MBTwitterTests */,
			);
		};
/* End PBXProject section */

/* Begin PBXResourcesBuildPhase section */
		8684FE8718CB43BA00ECDD91 /* Resources */ = {
			isa = PBXResourcesBuildPhase;
			buildActionMask = 2147483647;
			files = (
				8684FEA318CB43BA00ECDD91 /* Main_iPad.storyboard in Resources */,
				8684FEA818CB43BA00ECDD91 /* Images.xcassets in Resources */,
				8684FEA018CB43BA00ECDD91 /* Main_iPhone.storyboard in Resources */,
				8684FE9718CB43BA00ECDD91 /* InfoPlist.strings in Resources */,
			);
			runOnlyForDeploymentPostprocessing = 0;
		};
		8684FEAB18CB43BA00ECDD91 /* Resources */ = {
			isa = PBXResourcesBuildPhase;
			buildActionMask = 2147483647;
			files = (
				8684FEB918CB43BA00ECDD91 /* InfoPlist.strings in Resources */,
			);
			runOnlyForDeploymentPostprocessing = 0;
		};
/* End PBXResourcesBuildPhase section */

/* Begin PBXSourcesBuildPhase section */
		8684FE8518CB43BA00ECDD91 /* Sources */ = {
			isa = PBXSourcesBuildPhase;
			buildActionMask = 2147483647;
			files = (
				861A6F6718E1B685001D9412 /* MBSecondViewController.m in Sources */,
				862B260318D179C4004FC786 /* hmac.c in Sources */,
				862B25E618D08A69004FC786 /* OAMutableRequest.m in Sources */,
				86B5C5AE18E836200035CDC3 /* MBAOuth_TwitterAPICenter.m in Sources */,
				86B5C58D18E5192A0035CDC3 /* MBTextLayout.m in Sources */,
				862B25FB18D1738F004FC786 /* OAHMAC-SHA1SignatureProvider.m in Sources */,
				86B5C5A218E7FA380035CDC3 /* MBUser.m in Sources */,
				8684FEC818CB446F00ECDD91 /* MBAccountManager.m in Sources */,
				862B260818D19702004FC786 /* NSString+OAURLEncodingAdditions.m in Sources */,
				86B5C59018E522410035CDC3 /* MBTweetViewCell.m in Sources */,
				86B5C59918E6B9DD0035CDC3 /* MBTwitterAPIHTTPConnecter.m in Sources */,
				861A6F7018E2AD32001D9412 /* MBAccount.m in Sources */,
				862B25EF18D0A03F004FC786 /* OAConsumer.m in Sources */,
				8684FE9918CB43BA00ECDD91 /* main.m in Sources */,
				86B5C5A518E7FA510035CDC3 /* MBTweetManager.m in Sources */,
				861A6F6418E1311B001D9412 /* OARequestParameter.m in Sources */,
				86B5C5A818E7FA5E0035CDC3 /* MBUserManager.m in Sources */,
				862B260E18D1EF4C004FC786 /* NSURL+SignatureBased.m in Sources */,
				86B5C59F18E7FA0D0035CDC3 /* MBTweet.m in Sources */,
				862B260418D179C4004FC786 /* sha1.c in Sources */,
				862B261118D31C22004FC786 /* MBTwitterAccesser.m in Sources */,
				861A6F7718E40C73001D9412 /* MBTwitterAPICenter.m in Sources */,
				862B25E918D08A7C004FC786 /* OAToken.m in Sources */,
				86B5C59C18E7D6F00035CDC3 /* NSString+UUID.m in Sources */,
				86B5C59318E5226F0035CDC3 /* MBTweetTextView.m in Sources */,
				8684FEA618CB43BA00ECDD91 /* MBViewController.m in Sources */,
				862B261F18D6CAF6004FC786 /* MBAuthorizationViewController.m in Sources */,
				862B261C18D5C506004FC786 /* OAAuthFetcher.m in Sources */,
				862B260218D179C4004FC786 /* Base64Transcoder.c in Sources */,
				8684FE9D18CB43BA00ECDD91 /* MBAppDelegate.m in Sources */,
				861A6F5C18E0044E001D9412 /* MBMyAccountsViewController.m in Sources */,
			);
			runOnlyForDeploymentPostprocessing = 0;
		};
		8684FEA918CB43BA00ECDD91 /* Sources */ = {
			isa = PBXSourcesBuildPhase;
			buildActionMask = 2147483647;
			files = (
				8684FEBB18CB43BA00ECDD91 /* MBTwitterTests.m in Sources */,
			);
			runOnlyForDeploymentPostprocessing = 0;
		};
/* End PBXSourcesBuildPhase section */

/* Begin PBXTargetDependency section */
		8684FEB318CB43BA00ECDD91 /* PBXTargetDependency */ = {
			isa = PBXTargetDependency;
			target = 8684FE8818CB43BA00ECDD91 /* MBTwitter */;
			targetProxy = 8684FEB218CB43BA00ECDD91 /* PBXContainerItemProxy */;
		};
/* End PBXTargetDependency section */

/* Begin PBXVariantGroup section */
		8684FE9518CB43BA00ECDD91 /* InfoPlist.strings */ = {
			isa = PBXVariantGroup;
			children = (
				8684FE9618CB43BA00ECDD91 /* en */,
			);
			name = InfoPlist.strings;
			sourceTree = "<group>";
		};
		8684FE9E18CB43BA00ECDD91 /* Main_iPhone.storyboard */ = {
			isa = PBXVariantGroup;
			children = (
				8684FE9F18CB43BA00ECDD91 /* Base */,
			);
			name = Main_iPhone.storyboard;
			sourceTree = "<group>";
		};
		8684FEA118CB43BA00ECDD91 /* Main_iPad.storyboard */ = {
			isa = PBXVariantGroup;
			children = (
				8684FEA218CB43BA00ECDD91 /* Base */,
			);
			name = Main_iPad.storyboard;
			sourceTree = "<group>";
		};
		8684FEB718CB43BA00ECDD91 /* InfoPlist.strings */ = {
			isa = PBXVariantGroup;
			children = (
				8684FEB818CB43BA00ECDD91 /* en */,
			);
			name = InfoPlist.strings;
			sourceTree = "<group>";
		};
/* End PBXVariantGroup section */

/* Begin XCBuildConfiguration section */
		8684FEBC18CB43BA00ECDD91 /* Debug */ = {
			isa = XCBuildConfiguration;
			buildSettings = {
				ALWAYS_SEARCH_USER_PATHS = NO;
				CLANG_CXX_LANGUAGE_STANDARD = "gnu++0x";
				CLANG_CXX_LIBRARY = "libc++";
				CLANG_ENABLE_MODULES = YES;
				CLANG_ENABLE_OBJC_ARC = YES;
				CLANG_WARN_BOOL_CONVERSION = YES;
				CLANG_WARN_CONSTANT_CONVERSION = YES;
				CLANG_WARN_DIRECT_OBJC_ISA_USAGE = YES_ERROR;
				CLANG_WARN_EMPTY_BODY = YES;
				CLANG_WARN_ENUM_CONVERSION = YES;
				CLANG_WARN_INT_CONVERSION = YES;
				CLANG_WARN_OBJC_ROOT_CLASS = YES_ERROR;
				CLANG_WARN__DUPLICATE_METHOD_MATCH = YES;
				"CODE_SIGN_IDENTITY[sdk=iphoneos*]" = "iPhone Developer";
				COPY_PHASE_STRIP = NO;
				GCC_C_LANGUAGE_STANDARD = gnu99;
				GCC_DYNAMIC_NO_PIC = NO;
				GCC_OPTIMIZATION_LEVEL = 0;
				GCC_PREPROCESSOR_DEFINITIONS = (
					"DEBUG=1",
					"$(inherited)",
				);
				GCC_SYMBOLS_PRIVATE_EXTERN = NO;
				GCC_WARN_64_TO_32_BIT_CONVERSION = YES;
				GCC_WARN_ABOUT_RETURN_TYPE = YES_ERROR;
				GCC_WARN_UNDECLARED_SELECTOR = YES;
				GCC_WARN_UNINITIALIZED_AUTOS = YES;
				GCC_WARN_UNUSED_FUNCTION = YES;
				GCC_WARN_UNUSED_VARIABLE = YES;
				IPHONEOS_DEPLOYMENT_TARGET = 7.0;
				ONLY_ACTIVE_ARCH = YES;
				SDKROOT = iphoneos;
				TARGETED_DEVICE_FAMILY = "1,2";
			};
			name = Debug;
		};
		8684FEBD18CB43BA00ECDD91 /* Release */ = {
			isa = XCBuildConfiguration;
			buildSettings = {
				ALWAYS_SEARCH_USER_PATHS = NO;
				CLANG_CXX_LANGUAGE_STANDARD = "gnu++0x";
				CLANG_CXX_LIBRARY = "libc++";
				CLANG_ENABLE_MODULES = YES;
				CLANG_ENABLE_OBJC_ARC = YES;
				CLANG_WARN_BOOL_CONVERSION = YES;
				CLANG_WARN_CONSTANT_CONVERSION = YES;
				CLANG_WARN_DIRECT_OBJC_ISA_USAGE = YES_ERROR;
				CLANG_WARN_EMPTY_BODY = YES;
				CLANG_WARN_ENUM_CONVERSION = YES;
				CLANG_WARN_INT_CONVERSION = YES;
				CLANG_WARN_OBJC_ROOT_CLASS = YES_ERROR;
				CLANG_WARN__DUPLICATE_METHOD_MATCH = YES;
				"CODE_SIGN_IDENTITY[sdk=iphoneos*]" = "iPhone Developer";
				COPY_PHASE_STRIP = YES;
				ENABLE_NS_ASSERTIONS = NO;
				GCC_C_LANGUAGE_STANDARD = gnu99;
				GCC_WARN_64_TO_32_BIT_CONVERSION = YES;
				GCC_WARN_ABOUT_RETURN_TYPE = YES_ERROR;
				GCC_WARN_UNDECLARED_SELECTOR = YES;
				GCC_WARN_UNINITIALIZED_AUTOS = YES;
				GCC_WARN_UNUSED_FUNCTION = YES;
				GCC_WARN_UNUSED_VARIABLE = YES;
				IPHONEOS_DEPLOYMENT_TARGET = 7.0;
				SDKROOT = iphoneos;
				TARGETED_DEVICE_FAMILY = "1,2";
				VALIDATE_PRODUCT = YES;
			};
			name = Release;
		};
		8684FEBF18CB43BA00ECDD91 /* Debug */ = {
			isa = XCBuildConfiguration;
			buildSettings = {
				ASSETCATALOG_COMPILER_APPICON_NAME = AppIcon;
				ASSETCATALOG_COMPILER_LAUNCHIMAGE_NAME = LaunchImage;
				CODE_SIGN_IDENTITY = "iPhone Developer";
				"CODE_SIGN_IDENTITY[sdk=iphoneos*]" = "iPhone Developer";
				GCC_PRECOMPILE_PREFIX_HEADER = YES;
				GCC_PREFIX_HEADER = "MBTwitter/MBTwitter-Prefix.pch";
				INFOPLIST_FILE = "MBTwitter/MBTwitter-Info.plist";
				PRODUCT_NAME = "$(TARGET_NAME)";
				PROVISIONING_PROFILE = "";
				WRAPPER_EXTENSION = app;
			};
			name = Debug;
		};
		8684FEC018CB43BA00ECDD91 /* Release */ = {
			isa = XCBuildConfiguration;
			buildSettings = {
				ASSETCATALOG_COMPILER_APPICON_NAME = AppIcon;
				ASSETCATALOG_COMPILER_LAUNCHIMAGE_NAME = LaunchImage;
				CODE_SIGN_IDENTITY = "iPhone Developer";
				"CODE_SIGN_IDENTITY[sdk=iphoneos*]" = "iPhone Developer";
				GCC_PRECOMPILE_PREFIX_HEADER = YES;
				GCC_PREFIX_HEADER = "MBTwitter/MBTwitter-Prefix.pch";
				INFOPLIST_FILE = "MBTwitter/MBTwitter-Info.plist";
				PRODUCT_NAME = "$(TARGET_NAME)";
				PROVISIONING_PROFILE = "";
				WRAPPER_EXTENSION = app;
			};
			name = Release;
		};
		8684FEC218CB43BA00ECDD91 /* Debug */ = {
			isa = XCBuildConfiguration;
			buildSettings = {
				BUNDLE_LOADER = "$(BUILT_PRODUCTS_DIR)/MBTwitter.app/MBTwitter";
				FRAMEWORK_SEARCH_PATHS = (
					"$(SDKROOT)/Developer/Library/Frameworks",
					"$(inherited)",
					"$(DEVELOPER_FRAMEWORKS_DIR)",
				);
				GCC_PRECOMPILE_PREFIX_HEADER = YES;
				GCC_PREFIX_HEADER = "MBTwitter/MBTwitter-Prefix.pch";
				GCC_PREPROCESSOR_DEFINITIONS = (
					"DEBUG=1",
					"$(inherited)",
				);
				INFOPLIST_FILE = "MBTwitterTests/MBTwitterTests-Info.plist";
				PRODUCT_NAME = "$(TARGET_NAME)";
				TEST_HOST = "$(BUNDLE_LOADER)";
				WRAPPER_EXTENSION = xctest;
			};
			name = Debug;
		};
		8684FEC318CB43BA00ECDD91 /* Release */ = {
			isa = XCBuildConfiguration;
			buildSettings = {
				BUNDLE_LOADER = "$(BUILT_PRODUCTS_DIR)/MBTwitter.app/MBTwitter";
				FRAMEWORK_SEARCH_PATHS = (
					"$(SDKROOT)/Developer/Library/Frameworks",
					"$(inherited)",
					"$(DEVELOPER_FRAMEWORKS_DIR)",
				);
				GCC_PRECOMPILE_PREFIX_HEADER = YES;
				GCC_PREFIX_HEADER = "MBTwitter/MBTwitter-Prefix.pch";
				INFOPLIST_FILE = "MBTwitterTests/MBTwitterTests-Info.plist";
				PRODUCT_NAME = "$(TARGET_NAME)";
				TEST_HOST = "$(BUNDLE_LOADER)";
				WRAPPER_EXTENSION = xctest;
			};
			name = Release;
		};
/* End XCBuildConfiguration section */

/* Begin XCConfigurationList section */
		8684FE8418CB43BA00ECDD91 /* Build configuration list for PBXProject "MBTwitter" */ = {
			isa = XCConfigurationList;
			buildConfigurations = (
				8684FEBC18CB43BA00ECDD91 /* Debug */,
				8684FEBD18CB43BA00ECDD91 /* Release */,
			);
			defaultConfigurationIsVisible = 0;
			defaultConfigurationName = Release;
		};
		8684FEBE18CB43BA00ECDD91 /* Build configuration list for PBXNativeTarget "MBTwitter" */ = {
			isa = XCConfigurationList;
			buildConfigurations = (
				8684FEBF18CB43BA00ECDD91 /* Debug */,
				8684FEC018CB43BA00ECDD91 /* Release */,
			);
			defaultConfigurationIsVisible = 0;
			defaultConfigurationName = Release;
		};
		8684FEC118CB43BA00ECDD91 /* Build configuration list for PBXNativeTarget "MBTwitterTests" */ = {
			isa = XCConfigurationList;
			buildConfigurations = (
				8684FEC218CB43BA00ECDD91 /* Debug */,
				8684FEC318CB43BA00ECDD91 /* Release */,
			);
			defaultConfigurationIsVisible = 0;
			defaultConfigurationName = Release;
		};
/* End XCConfigurationList section */
	};
	rootObject = 8684FE8118CB43BA00ECDD91 /* Project object */;
}
